{
  "object": {
    "pins": [
      {
        "package": "FileCheck",
        "repositoryURL": "https://github.com/llvm-swift/FileCheck.git",
        "state": {
          "branch": null,
          "revision": "e5871587ddf85c0bcf84f773925655f2f83ef336",
          "version": "0.0.7"
        }
      },
      {
        "package": "SwiftCheck",
        "repositoryURL": "https://github.com/typelift/SwiftCheck.git",
        "state": {
          "branch": null,
          "revision": "43ffe7ab48366c36a697c54bcdd257876edd6fc6",
          "version": "0.10.0"
        }
      }
    ]
  },
  "version": 1
}
