// !$*UTF8*$!
{
	archiveVersion = 1;
	classes = {
	};
	objectVersion = 50;
	objects = {

/* Begin PBXBuildFile section */
		C51E54B424C21C200000BAB0 /* AppDelegate.m in Sources */ = {isa = PBXBuildFile; fileRef = C51E54B324C21C200000BAB0 /* AppDelegate.m */; };
		C51E54B724C21C200000BAB0 /* SceneDelegate.m in Sources */ = {isa = PBXBuildFile; fileRef = C51E54B624C21C200000BAB0 /* SceneDelegate.m */; };
		C51E54BA24C21C200000BAB0 /* ViewController.m in Sources */ = {isa = PBXBuildFile; fileRef = C51E54B924C21C200000BAB0 /* ViewController.m */; };
		C51E54BD24C21C200000BAB0 /* Main.storyboard in Resources */ = {isa = PBXBuildFile; fileRef = C51E54BB24C21C200000BAB0 /* Main.storyboard */; };
		C51E54BF24C21C210000BAB0 /* Assets.xcassets in Resources */ = {isa = PBXBuildFile; fileRef = C51E54BE24C21C210000BAB0 /* Assets.xcassets */; };
		C51E54C224C21C210000BAB0 /* LaunchScreen.storyboard in Resources */ = {isa = PBXBuildFile; fileRef = C51E54C024C21C210000BAB0 /* LaunchScreen.storyboard */; };
		C51E54C524C21C210000BAB0 /* main.m in Sources */ = {isa = PBXBuildFile; fileRef = C51E54C424C21C210000BAB0 /* main.m */; };
/* End PBXBuildFile section */

/* Begin PBXFileReference section */
		C51E54B024C21C200000BAB0 /* ios-app.app */ = {isa = PBXFileReference; explicitFileType = wrapper.application; includeInIndex = 0; path = "ios-app.app"; sourceTree = BUILT_PRODUCTS_DIR; };
		C51E54B224C21C200000BAB0 /* AppDelegate.h */ = {isa = PBXFileReference; lastKnownFileType = sourcecode.c.h; path = AppDelegate.h; sourceTree = "<group>"; };
		C51E54B324C21C200000BAB0 /* AppDelegate.m */ = {isa = PBXFileReference; lastKnownFileType = sourcecode.c.objc; path = AppDelegate.m; sourceTree = "<group>"; };
		C51E54B524C21C200000BAB0 /* SceneDelegate.h */ = {isa = PBXFileReference; lastKnownFileType = sourcecode.c.h; path = SceneDelegate.h; sourceTree = "<group>"; };
		C51E54B624C21C200000BAB0 /* SceneDelegate.m */ = {isa = PBXFileReference; lastKnownFileType = sourcecode.c.objc; path = SceneDelegate.m; sourceTree = "<group>"; };
		C51E54B824C21C200000BAB0 /* ViewController.h */ = {isa = PBXFileReference; lastKnownFileType = sourcecode.c.h; path = ViewController.h; sourceTree = "<group>"; };
		C51E54B924C21C200000BAB0 /* ViewController.m */ = {isa = PBXFileReference; lastKnownFileType = sourcecode.c.objc; path = ViewController.m; sourceTree = "<group>"; };
		C51E54BC24C21C200000BAB0 /* Base */ = {isa = PBXFileReference; lastKnownFileType = file.storyboard; name = Base; path = Base.lproj/Main.storyboard; sourceTree = "<group>"; };
		C51E54BE24C21C210000BAB0 /* Assets.xcassets */ = {isa = PBXFileReference; lastKnownFileType = folder.assetcatalog; path = Assets.xcassets; sourceTree = "<group>"; };
		C51E54C124C21C210000BAB0 /* Base */ = {isa = PBXFileReference; lastKnownFileType = file.storyboard; name = Base; path = Base.lproj/LaunchScreen.storyboard; sourceTree = "<group>"; };
		C51E54C324C21C210000BAB0 /* Info.plist */ = {isa = PBXFileReference; lastKnownFileType = text.plist.xml; path = Info.plist; sourceTree = "<group>"; };
		C51E54C424C21C210000BAB0 /* main.m */ = {isa = PBXFileReference; lastKnownFileType = sourcecode.c.objc; path = main.m; sourceTree = "<group>"; };
/* End PBXFileReference section */

/* Begin PBXFrameworksBuildPhase section */
		C51E54AD24C21C200000BAB0 /* Frameworks */ = {
			isa = PBXFrameworksBuildPhase;
			buildActionMask = 2147483647;
			files = (
			);
			runOnlyForDeploymentPostprocessing = 0;
		};
/* End PBXFrameworksBuildPhase section */

/* Begin PBXGroup section */
		C51E54B124C21C200000BAB0 /* ios-app */ = {
			isa = PBXGroup;
			children = (
				C51E54B224C21C200000BAB0 /* AppDelegate.h */,
				C51E54B324C21C200000BAB0 /* AppDelegate.m */,
				C51E54B524C21C200000BAB0 /* SceneDelegate.h */,
				C51E54B624C21C200000BAB0 /* SceneDelegate.m */,
				C51E54B824C21C200000BAB0 /* ViewController.h */,
				C51E54B924C21C200000BAB0 /* ViewController.m */,
				C51E54BB24C21C200000BAB0 /* Main.storyboard */,
				C51E54BE24C21C210000BAB0 /* Assets.xcassets */,
				C51E54C024C21C210000BAB0 /* LaunchScreen.storyboard */,
				C51E54C324C21C210000BAB0 /* Info.plist */,
				C51E54C424C21C210000BAB0 /* main.m */,
			);
			path = "ios-app";
			sourceTree = "<group>";
		};
		C57D3A3024BFC26400D79E8F = {
			isa = PBXGroup;
			children = (
				C51E54B124C21C200000BAB0 /* ios-app */,
				C57D3A3A24BFC26400D79E8F /* Products */,
			);
			sourceTree = "<group>";
		};
		C57D3A3A24BFC26400D79E8F /* Products */ = {
			isa = PBXGroup;
			children = (
				C51E54B024C21C200000BAB0 /* ios-app.app */,
			);
			name = Products;
			sourceTree = "<group>";
		};
/* End PBXGroup section */

/* Begin PBXNativeTarget section */
		C51E54AF24C21C200000BAB0 /* ios-app */ = {
			isa = PBXNativeTarget;
			buildConfigurationList = C51E54C624C21C210000BAB0 /* Build configuration list for PBXNativeTarget "ios-app" */;
			buildPhases = (
				C51E54AC24C21C200000BAB0 /* Sources */,
				C51E54AD24C21C200000BAB0 /* Frameworks */,
				C51E54AE24C21C200000BAB0 /* Resources */,
			);
			buildRules = (
			);
			dependencies = (
			);
			name = "ios-app";
			productName = "ios-app";
			productReference = C51E54B024C21C200000BAB0 /* ios-app.app */;
			productType = "com.apple.product-type.application";
		};
/* End PBXNativeTarget section */

/* Begin PBXProject section */
		C57D3A3124BFC26400D79E8F /* Project object */ = {
			isa = PBXProject;
			attributes = {
				LastUpgradeCheck = 1140;
				ORGANIZATIONNAME = "Jerry Marino";
				TargetAttributes = {
					C51E54AF24C21C200000BAB0 = {
						CreatedOnToolsVersion = 11.4;
					};
				};
			};
			buildConfigurationList = C57D3A3424BFC26400D79E8F /* Build configuration list for PBXProject "PodsHost" */;
			compatibilityVersion = "Xcode 9.3";
			developmentRegion = en;
			hasScannedForEncodings = 0;
			knownRegions = (
				en,
				Base,
			);
			mainGroup = C57D3A3024BFC26400D79E8F;
			productRefGroup = C57D3A3A24BFC26400D79E8F /* Products */;
			projectDirPath = "";
			projectRoot = "";
			targets = (
				C51E54AF24C21C200000BAB0 /* ios-app */,
			);
		};
/* End PBXProject section */

/* Begin PBXResourcesBuildPhase section */
		C51E54AE24C21C200000BAB0 /* Resources */ = {
			isa = PBXResourcesBuildPhase;
			buildActionMask = 2147483647;
			files = (
				C51E54C224C21C210000BAB0 /* LaunchScreen.storyboard in Resources */,
				C51E54BF24C21C210000BAB0 /* Assets.xcassets in Resources */,
				C51E54BD24C21C200000BAB0 /* Main.storyboard in Resources */,
			);
			runOnlyForDeploymentPostprocessing = 0;
		};
/* End PBXResourcesBuildPhase section */

/* Begin PBXSourcesBuildPhase section */
		C51E54AC24C21C200000BAB0 /* Sources */ = {
			isa = PBXSourcesBuildPhase;
			buildActionMask = 2147483647;
			files = (
				C51E54BA24C21C200000BAB0 /* ViewController.m in Sources */,
				C51E54B424C21C200000BAB0 /* AppDelegate.m in Sources */,
				C51E54C524C21C210000BAB0 /* main.m in Sources */,
				C51E54B724C21C200000BAB0 /* SceneDelegate.m in Sources */,
			);
			runOnlyForDeploymentPostprocessing = 0;
		};
/* End PBXSourcesBuildPhase section */

/* Begin PBXVariantGroup section */
		C51E54BB24C21C200000BAB0 /* Main.storyboard */ = {
			isa = PBXVariantGroup;
			children = (
				C51E54BC24C21C200000BAB0 /* Base */,
			);
			name = Main.storyboard;
			sourceTree = "<group>";
		};
		C51E54C024C21C210000BAB0 /* LaunchScreen.storyboard */ = {
			isa = PBXVariantGroup;
			children = (
				C51E54C124C21C210000BAB0 /* Base */,
			);
			name = LaunchScreen.storyboard;
			sourceTree = "<group>";
		};
/* End PBXVariantGroup section */

/* Begin XCBuildConfiguration section */
		C51E54C724C21C210000BAB0 /* Debug */ = {
			isa = XCBuildConfiguration;
			buildSettings = {
				ASSETCATALOG_COMPILER_APPICON_NAME = AppIcon;
				CODE_SIGN_STYLE = Automatic;
				INFOPLIST_FILE = "ios-app/Info.plist";
				LD_RUNPATH_SEARCH_PATHS = (
					"$(inherited)",
					"@executable_path/Frameworks",
				);
				PRODUCT_BUNDLE_IDENTIFIER = "Pinterest.ios-app";
				PRODUCT_NAME = "$(TARGET_NAME)";
				TARGETED_DEVICE_FAMILY = "1,2";
			};
			name = Debug;
		};
		C51E54C824C21C210000BAB0 /* Release */ = {
			isa = XCBuildConfiguration;
			buildSettings = {
				ASSETCATALOG_COMPILER_APPICON_NAME = AppIcon;
				CODE_SIGN_STYLE = Automatic;
				INFOPLIST_FILE = "ios-app/Info.plist";
				LD_RUNPATH_SEARCH_PATHS = (
					"$(inherited)",
					"@executable_path/Frameworks",
				);
				PRODUCT_BUNDLE_IDENTIFIER = "Pinterest.ios-app";
				PRODUCT_NAME = "$(TARGET_NAME)";
				TARGETED_DEVICE_FAMILY = "1,2";
			};
			name = Release;
		};
		C57D3A5024BFC26600D79E8F /* Debug */ = {
			isa = XCBuildConfiguration;
			buildSettings = {
				ALWAYS_SEARCH_USER_PATHS = NO;
				CLANG_ANALYZER_NONNULL = YES;
				CLANG_ANALYZER_NUMBER_OBJECT_CONVERSION = YES_AGGRESSIVE;
				CLANG_CXX_LANGUAGE_STANDARD = "gnu++14";
				CLANG_CXX_LIBRARY = "libc++";
				CLANG_ENABLE_MODULES = YES;
				CLANG_ENABLE_OBJC_ARC = YES;
				CLANG_ENABLE_OBJC_WEAK = YES;
				CLANG_WARN_BLOCK_CAPTURE_AUTORELEASING = YES;
				CLANG_WARN_BOOL_CONVERSION = YES;
				CLANG_WARN_COMMA = YES;
				CLANG_WARN_CONSTANT_CONVERSION = YES;
				CLANG_WARN_DEPRECATED_OBJC_IMPLEMENTATIONS = YES;
				CLANG_WARN_DIRECT_OBJC_ISA_USAGE = YES_ERROR;
				CLANG_WARN_DOCUMENTATION_COMMENTS = YES;
				CLANG_WARN_EMPTY_BODY = YES;
				CLANG_WARN_ENUM_CONVERSION = YES;
				CLANG_WARN_INFINITE_RECURSION = YES;
				CLANG_WARN_INT_CONVERSION = YES;
				CLANG_WARN_NON_LITERAL_NULL_CONVERSION = YES;
				CLANG_WARN_OBJC_IMPLICIT_RETAIN_SELF = YES;
				CLANG_WARN_OBJC_LITERAL_CONVERSION = YES;
				CLANG_WARN_OBJC_ROOT_CLASS = YES_ERROR;
				CLANG_WARN_RANGE_LOOP_ANALYSIS = YES;
				CLANG_WARN_STRICT_PROTOTYPES = YES;
				CLANG_WARN_SUSPICIOUS_MOVE = YES;
				CLANG_WARN_UNGUARDED_AVAILABILITY = YES_AGGRESSIVE;
				CLANG_WARN_UNREACHABLE_CODE = YES;
				CLANG_WARN__DUPLICATE_METHOD_MATCH = YES;
				COPY_PHASE_STRIP = NO;
				DEBUG_INFORMATION_FORMAT = dwarf;
				ENABLE_STRICT_OBJC_MSGSEND = YES;
				ENABLE_TESTABILITY = YES;
				GCC_C_LANGUAGE_STANDARD = gnu11;
				GCC_DYNAMIC_NO_PIC = NO;
				GCC_NO_COMMON_BLOCKS = YES;
				GCC_OPTIMIZATION_LEVEL = 0;
				GCC_PREPROCESSOR_DEFINITIONS = (
					"DEBUG=1",
					"$(inherited)",
				);
				GCC_WARN_64_TO_32_BIT_CONVERSION = YES;
				GCC_WARN_ABOUT_RETURN_TYPE = YES_ERROR;
				GCC_WARN_UNDECLARED_SELECTOR = YES;
				GCC_WARN_UNINITIALIZED_AUTOS = YES_AGGRESSIVE;
				GCC_WARN_UNUSED_FUNCTION = YES;
				GCC_WARN_UNUSED_VARIABLE = YES;
				IPHONEOS_DEPLOYMENT_TARGET = 13.4;
				MTL_ENABLE_DEBUG_INFO = INCLUDE_SOURCE;
				MTL_FAST_MATH = YES;
				ONLY_ACTIVE_ARCH = YES;
				SDKROOT = iphoneos;
			};
			name = Debug;
		};
		C57D3A5124BFC26600D79E8F /* Release */ = {
			isa = XCBuildConfiguration;
			buildSettings = {
				ALWAYS_SEARCH_USER_PATHS = NO;
				CLANG_ANALYZER_NONNULL = YES;
				CLANG_ANALYZER_NUMBER_OBJECT_CONVERSION = YES_AGGRESSIVE;
				CLANG_CXX_LANGUAGE_STANDARD = "gnu++14";
				CLANG_CXX_LIBRARY = "libc++";
				CLANG_ENABLE_MODULES = YES;
				CLANG_ENABLE_OBJC_ARC = YES;
				CLANG_ENABLE_OBJC_WEAK = YES;
				CLANG_WARN_BLOCK_CAPTURE_AUTORELEASING = YES;
				CLANG_WARN_BOOL_CONVERSION = YES;
				CLANG_WARN_COMMA = YES;
				CLANG_WARN_CONSTANT_CONVERSION = YES;
				CLANG_WARN_DEPRECATED_OBJC_IMPLEMENTATIONS = YES;
				CLANG_WARN_DIRECT_OBJC_ISA_USAGE = YES_ERROR;
				CLANG_WARN_DOCUMENTATION_COMMENTS = YES;
				CLANG_WARN_EMPTY_BODY = YES;
				CLANG_WARN_ENUM_CONVERSION = YES;
				CLANG_WARN_INFINITE_RECURSION = YES;
				CLANG_WARN_INT_CONVERSION = YES;
				CLANG_WARN_NON_LITERAL_NULL_CONVERSION = YES;
				CLANG_WARN_OBJC_IMPLICIT_RETAIN_SELF = YES;
				CLANG_WARN_OBJC_LITERAL_CONVERSION = YES;
				CLANG_WARN_OBJC_ROOT_CLASS = YES_ERROR;
				CLANG_WARN_RANGE_LOOP_ANALYSIS = YES;
				CLANG_WARN_STRICT_PROTOTYPES = YES;
				CLANG_WARN_SUSPICIOUS_MOVE = YES;
				CLANG_WARN_UNGUARDED_AVAILABILITY = YES_AGGRESSIVE;
				CLANG_WARN_UNREACHABLE_CODE = YES;
				CLANG_WARN__DUPLICATE_METHOD_MATCH = YES;
				COPY_PHASE_STRIP = NO;
				DEBUG_INFORMATION_FORMAT = "dwarf-with-dsym";
				ENABLE_NS_ASSERTIONS = NO;
				ENABLE_STRICT_OBJC_MSGSEND = YES;
				GCC_C_LANGUAGE_STANDARD = gnu11;
				GCC_NO_COMMON_BLOCKS = YES;
				GCC_WARN_64_TO_32_BIT_CONVERSION = YES;
				GCC_WARN_ABOUT_RETURN_TYPE = YES_ERROR;
				GCC_WARN_UNDECLARED_SELECTOR = YES;
				GCC_WARN_UNINITIALIZED_AUTOS = YES_AGGRESSIVE;
				GCC_WARN_UNUSED_FUNCTION = YES;
				GCC_WARN_UNUSED_VARIABLE = YES;
				IPHONEOS_DEPLOYMENT_TARGET = 13.4;
				MTL_ENABLE_DEBUG_INFO = NO;
				MTL_FAST_MATH = YES;
				SDKROOT = iphoneos;
				VALIDATE_PRODUCT = YES;
			};
			name = Release;
		};
/* End XCBuildConfiguration section */

/* Begin XCConfigurationList section */
		C51E54C624C21C210000BAB0 /* Build configuration list for PBXNativeTarget "ios-app" */ = {
			isa = XCConfigurationList;
			buildConfigurations = (
				C51E54C724C21C210000BAB0 /* Debug */,
				C51E54C824C21C210000BAB0 /* Release */,
			);
			defaultConfigurationIsVisible = 0;
			defaultConfigurationName = Release;
		};
		C57D3A3424BFC26400D79E8F /* Build configuration list for PBXProject "PodsHost" */ = {
			isa = XCConfigurationList;
			buildConfigurations = (
				C57D3A5024BFC26600D79E8F /* Debug */,
				C57D3A5124BFC26600D79E8F /* Release */,
			);
			defaultConfigurationIsVisible = 0;
			defaultConfigurationName = Release;
		};
/* End XCConfigurationList section */
	};
	rootObject = C57D3A3124BFC26400D79E8F /* Project object */;
}
