// !$*UTF8*$!
{
	archiveVersion = 1;
	classes = {
	};
	objectVersion = 46;
	objects = {

/* Begin PBXBuildFile section */
		094A504C1F687F99002FA188 /* ParserTests.swift in Sources */ = {isa = PBXBuildFile; fileRef = 094A504B1F687F99002FA188 /* ParserTests.swift */; };
		09C570271F630C5B00E9EB4D /* Parser.swift in Sources */ = {isa = PBXBuildFile; fileRef = 09C570261F630C5B00E9EB4D /* Parser.swift */; };
		09C5702E1F630D1C00E9EB4D /* Parser.swift in Sources */ = {isa = PBXBuildFile; fileRef = 09C570261F630C5B00E9EB4D /* Parser.swift */; };
		09C570301F6313F300E9EB4D /* Parser.swift in Sources */ = {isa = PBXBuildFile; fileRef = 09C570261F630C5B00E9EB4D /* Parser.swift */; };
		09F194B61EC69A18000568E3 /* SplitArcAndNoArcTransform.swift in Sources */ = {isa = PBXBuildFile; fileRef = 09F194B51EC69A18000568E3 /* SplitArcAndNoArcTransform.swift */; };
		09F194B71EC69A18000568E3 /* SplitArcAndNoArcTransform.swift in Sources */ = {isa = PBXBuildFile; fileRef = 09F194B51EC69A18000568E3 /* SplitArcAndNoArcTransform.swift */; };
		09F194B81EC69A18000568E3 /* SplitArcAndNoArcTransform.swift in Sources */ = {isa = PBXBuildFile; fileRef = 09F194B51EC69A18000568E3 /* SplitArcAndNoArcTransform.swift */; };
		09FD9B641EB3B70700272A01 /* Lens.swift in Sources */ = {isa = PBXBuildFile; fileRef = 09FD9B631EB3B70700272A01 /* Lens.swift */; };
		09FD9B651EB3B70700272A01 /* Lens.swift in Sources */ = {isa = PBXBuildFile; fileRef = 09FD9B631EB3B70700272A01 /* Lens.swift */; };
		09FD9B661EB3B70700272A01 /* Lens.swift in Sources */ = {isa = PBXBuildFile; fileRef = 09FD9B631EB3B70700272A01 /* Lens.swift */; };
		09FD9B6A1EB3C01500272A01 /* MultiPlatform.swift in Sources */ = {isa = PBXBuildFile; fileRef = 09FD9B691EB3C01500272A01 /* MultiPlatform.swift */; };
		09FD9B6B1EB3C01500272A01 /* MultiPlatform.swift in Sources */ = {isa = PBXBuildFile; fileRef = 09FD9B691EB3C01500272A01 /* MultiPlatform.swift */; };
		09FD9B6C1EB3C01500272A01 /* MultiPlatform.swift in Sources */ = {isa = PBXBuildFile; fileRef = 09FD9B691EB3C01500272A01 /* MultiPlatform.swift */; };
		09FD9B701EB3C08000272A01 /* Magmas.swift in Sources */ = {isa = PBXBuildFile; fileRef = 09FD9B6F1EB3C08000272A01 /* Magmas.swift */; };
		09FD9B711EB3C08000272A01 /* Magmas.swift in Sources */ = {isa = PBXBuildFile; fileRef = 09FD9B6F1EB3C08000272A01 /* Magmas.swift */; };
		09FD9B721EB3C08000272A01 /* Magmas.swift in Sources */ = {isa = PBXBuildFile; fileRef = 09FD9B6F1EB3C08000272A01 /* Magmas.swift */; };
		C40AD54C1EF84F2500BCFD99 /* AcknowledgementEntry.swift in Sources */ = {isa = PBXBuildFile; fileRef = C40AD54B1EF84F2500BCFD99 /* AcknowledgementEntry.swift */; };
		C40AD5521EF84F2C00BCFD99 /* AcknowledgementEntry.swift in Sources */ = {isa = PBXBuildFile; fileRef = C40AD54B1EF84F2500BCFD99 /* AcknowledgementEntry.swift */; };
		C40AD5531EF84F2D00BCFD99 /* AcknowledgementEntry.swift in Sources */ = {isa = PBXBuildFile; fileRef = C40AD54B1EF84F2500BCFD99 /* AcknowledgementEntry.swift */; };
		C40AD5571EF853CC00BCFD99 /* AcknowledgementPlistTests.swift in Sources */ = {isa = PBXBuildFile; fileRef = C40AD5561EF853CC00BCFD99 /* AcknowledgementPlistTests.swift */; };
		C41448E51EBAA6D500C5DDF6 /* MagmasTests.swift in Sources */ = {isa = PBXBuildFile; fileRef = 0913CB9F1EB7C05A0070B5AF /* MagmasTests.swift */; };
		C41448E91EBAA6FF00C5DDF6 /* SwiftCheck.framework in Frameworks */ = {isa = PBXBuildFile; fileRef = C41448DA1EBAA6C500C5DDF6 /* SwiftCheck.framework */; };
		C42E026E1EA150B0009B091A /* SkylarkTests.swift in Sources */ = {isa = PBXBuildFile; fileRef = C42E026D1EA150B0009B091A /* SkylarkTests.swift */; };
		C42E02761EA189EF009B091A /* BuildFile.swift in Sources */ = {isa = PBXBuildFile; fileRef = C42E02751EA189EF009B091A /* BuildFile.swift */; };
		C42E02771EA189EF009B091A /* BuildFile.swift in Sources */ = {isa = PBXBuildFile; fileRef = C42E02751EA189EF009B091A /* BuildFile.swift */; };
		C42E02791EA18AA4009B091A /* Workspace.swift in Sources */ = {isa = PBXBuildFile; fileRef = C42E02781EA18AA4009B091A /* Workspace.swift */; };
		C42E027A1EA18AA4009B091A /* Workspace.swift in Sources */ = {isa = PBXBuildFile; fileRef = C42E02781EA18AA4009B091A /* Workspace.swift */; };
		C4438AAE1F7C5BD8002D9A13 /* ShellTaskTest.swift in Sources */ = {isa = PBXBuildFile; fileRef = C4438AAD1F7C5BD8002D9A13 /* ShellTaskTest.swift */; };
		C4893A591EB90FC600A44D1F /* UserConfigurable.swift in Sources */ = {isa = PBXBuildFile; fileRef = C4893A581EB90FC600A44D1F /* UserConfigurable.swift */; };
		C4893A5A1EB90FC600A44D1F /* UserConfigurable.swift in Sources */ = {isa = PBXBuildFile; fileRef = C4893A581EB90FC600A44D1F /* UserConfigurable.swift */; };
		C4893A5B1EB90FC600A44D1F /* UserConfigurable.swift in Sources */ = {isa = PBXBuildFile; fileRef = C4893A581EB90FC600A44D1F /* UserConfigurable.swift */; };
		C4893A5F1EB9108100A44D1F /* UserConfigurableTests.swift in Sources */ = {isa = PBXBuildFile; fileRef = C4893A5E1EB9108100A44D1F /* UserConfigurableTests.swift */; };
		C4893A611EB9114900A44D1F /* SkylarkConvertibleTransform.swift in Sources */ = {isa = PBXBuildFile; fileRef = C4893A601EB9114900A44D1F /* SkylarkConvertibleTransform.swift */; };
		C4893A621EB9114900A44D1F /* SkylarkConvertibleTransform.swift in Sources */ = {isa = PBXBuildFile; fileRef = C4893A601EB9114900A44D1F /* SkylarkConvertibleTransform.swift */; };
		C4893A631EB9114900A44D1F /* SkylarkConvertibleTransform.swift in Sources */ = {isa = PBXBuildFile; fileRef = C4893A601EB9114900A44D1F /* SkylarkConvertibleTransform.swift */; };
		C4893A6D1EB914AD00A44D1F /* BasicBuildOptionsTest.swift in Sources */ = {isa = PBXBuildFile; fileRef = C4893A6C1EB914AD00A44D1F /* BasicBuildOptionsTest.swift */; };
		C49C630D1EB001C000F17E47 /* CrashReporter.m in Sources */ = {isa = PBXBuildFile; fileRef = C49C630C1EB001C000F17E47 /* CrashReporter.m */; };
		C4B8A3961EB2A58D00859B73 /* XCConfig.swift in Sources */ = {isa = PBXBuildFile; fileRef = C4B8A3951EB2A58D00859B73 /* XCConfig.swift */; };
		C4B8A3971EB2A58D00859B73 /* XCConfig.swift in Sources */ = {isa = PBXBuildFile; fileRef = C4B8A3951EB2A58D00859B73 /* XCConfig.swift */; };
		C4B8A3981EB2A58D00859B73 /* XCConfig.swift in Sources */ = {isa = PBXBuildFile; fileRef = C4B8A3951EB2A58D00859B73 /* XCConfig.swift */; };
		C4B95C8C1EA18FF50033C7FA /* main.swift in Sources */ = {isa = PBXBuildFile; fileRef = C4B95C8B1EA18FF50033C7FA /* main.swift */; };
		C4B95C8E1EA1B04E0033C7FA /* BuildFileTests.swift in Sources */ = {isa = PBXBuildFile; fileRef = C4B95C8D1EA1B04E0033C7FA /* BuildFileTests.swift */; };
		C4C1BF971ECA807D00B42EB2 /* LogicalShellContext.swift in Sources */ = {isa = PBXBuildFile; fileRef = C4C1BF941ECA807D00B42EB2 /* LogicalShellContext.swift */; };
		C4C1BF981ECA807D00B42EB2 /* ShellContext.swift in Sources */ = {isa = PBXBuildFile; fileRef = C4C1BF951ECA807D00B42EB2 /* ShellContext.swift */; };
		C4C1BF9A1ECA80C900B42EB2 /* PodStoreTests.swift in Sources */ = {isa = PBXBuildFile; fileRef = C4C1BF991ECA80C900B42EB2 /* PodStoreTests.swift */; };
		C4C1BFA51ECA811400B42EB2 /* LogicalShellContext.swift in Sources */ = {isa = PBXBuildFile; fileRef = C4C1BF941ECA807D00B42EB2 /* LogicalShellContext.swift */; };
		C4C1BFA61ECA811500B42EB2 /* LogicalShellContext.swift in Sources */ = {isa = PBXBuildFile; fileRef = C4C1BF941ECA807D00B42EB2 /* LogicalShellContext.swift */; };
		C4C1BFAC1ECA811E00B42EB2 /* ShellContext.swift in Sources */ = {isa = PBXBuildFile; fileRef = C4C1BF951ECA807D00B42EB2 /* ShellContext.swift */; };
		C4C1BFAD1ECA811F00B42EB2 /* ShellContext.swift in Sources */ = {isa = PBXBuildFile; fileRef = C4C1BF951ECA807D00B42EB2 /* ShellContext.swift */; };
		C4C1BFB01ECA813F00B42EB2 /* RepoActions.swift in Sources */ = {isa = PBXBuildFile; fileRef = C4C1BFAF1ECA813F00B42EB2 /* RepoActions.swift */; };
		C4C1BFB31ECA820300B42EB2 /* RepoActions.swift in Sources */ = {isa = PBXBuildFile; fileRef = C4C1BFAF1ECA813F00B42EB2 /* RepoActions.swift */; };
		C4C1BFB41ECA820400B42EB2 /* RepoActions.swift in Sources */ = {isa = PBXBuildFile; fileRef = C4C1BFAF1ECA813F00B42EB2 /* RepoActions.swift */; };
		C4E5BC811EA8564200954EB8 /* ObjcLibrary.swift in Sources */ = {isa = PBXBuildFile; fileRef = C4E5BC7F1EA8564200954EB8 /* ObjcLibrary.swift */; };
		C4E5BC821EA8564200954EB8 /* ObjcLibrary.swift in Sources */ = {isa = PBXBuildFile; fileRef = C4E5BC7F1EA8564200954EB8 /* ObjcLibrary.swift */; };
		C4E5BC831EA8564200954EB8 /* ObjcLibrary.swift in Sources */ = {isa = PBXBuildFile; fileRef = C4E5BC7F1EA8564200954EB8 /* ObjcLibrary.swift */; };
		C4E5BC841EA8564200954EB8 /* SkylarkConvertible.swift in Sources */ = {isa = PBXBuildFile; fileRef = C4E5BC801EA8564200954EB8 /* SkylarkConvertible.swift */; };
		C4E5BC851EA8564200954EB8 /* SkylarkConvertible.swift in Sources */ = {isa = PBXBuildFile; fileRef = C4E5BC801EA8564200954EB8 /* SkylarkConvertible.swift */; };
		C4E5BC861EA8564200954EB8 /* SkylarkConvertible.swift in Sources */ = {isa = PBXBuildFile; fileRef = C4E5BC801EA8564200954EB8 /* SkylarkConvertible.swift */; };
		C4E5BCA81EAA871E00954EB8 /* WorkspaceTests.swift in Sources */ = {isa = PBXBuildFile; fileRef = C4E5BCA71EAA871E00954EB8 /* WorkspaceTests.swift */; };
		C4E5BCAA1EAA8A9B00954EB8 /* TestUtils.swift in Sources */ = {isa = PBXBuildFile; fileRef = C4E5BCA91EAA8A9B00954EB8 /* TestUtils.swift */; };
		C4F92F921F7B1B91001F3B36 /* RedundantCompiledSourceTransform.swift in Sources */ = {isa = PBXBuildFile; fileRef = C4F92F911F7B1B90001F3B36 /* RedundantCompiledSourceTransform.swift */; };
		C4F92F931F7B1BA0001F3B36 /* RedundantCompiledSourceTransform.swift in Sources */ = {isa = PBXBuildFile; fileRef = C4F92F911F7B1B90001F3B36 /* RedundantCompiledSourceTransform.swift */; };
		C4F92F941F7B1BA0001F3B36 /* RedundantCompiledSourceTransform.swift in Sources */ = {isa = PBXBuildFile; fileRef = C4F92F911F7B1B90001F3B36 /* RedundantCompiledSourceTransform.swift */; };
		C4FA7E131EA53E29005C8B70 /* Skylark.swift in Sources */ = {isa = PBXBuildFile; fileRef = C4FA7E121EA53E29005C8B70 /* Skylark.swift */; };
		C4FA7E141EA53FA6005C8B70 /* Skylark.swift in Sources */ = {isa = PBXBuildFile; fileRef = C4FA7E121EA53E29005C8B70 /* Skylark.swift */; };
		C4FA7E161EA56749005C8B70 /* PodSpec.swift in Sources */ = {isa = PBXBuildFile; fileRef = C4FA7E151EA56749005C8B70 /* PodSpec.swift */; };
		C4FA7E171EA5674B005C8B70 /* main.swift in Sources */ = {isa = PBXBuildFile; fileRef = C4B95C8B1EA18FF50033C7FA /* main.swift */; };
		C4FA7E181EA56759005C8B70 /* PodSpec.swift in Sources */ = {isa = PBXBuildFile; fileRef = C4FA7E151EA56749005C8B70 /* PodSpec.swift */; };
		C4FA7E241EA56AEA005C8B70 /* main.swift in Sources */ = {isa = PBXBuildFile; fileRef = C4FA7E231EA56AEA005C8B70 /* main.swift */; };
		C4FA7E281EA56BF7005C8B70 /* Skylark.swift in Sources */ = {isa = PBXBuildFile; fileRef = C4FA7E121EA53E29005C8B70 /* Skylark.swift */; };
		C4FA7E291EA56BFA005C8B70 /* Workspace.swift in Sources */ = {isa = PBXBuildFile; fileRef = C42E02781EA18AA4009B091A /* Workspace.swift */; };
		C4FA7E2A1EA56BFF005C8B70 /* PodSpec.swift in Sources */ = {isa = PBXBuildFile; fileRef = C4FA7E151EA56749005C8B70 /* PodSpec.swift */; };
		C4FA7E2B1EA56C02005C8B70 /* BuildFile.swift in Sources */ = {isa = PBXBuildFile; fileRef = C42E02751EA189EF009B091A /* BuildFile.swift */; };
		C4FA7E401EA6A81E005C8B70 /* GlobTests.swift in Sources */ = {isa = PBXBuildFile; fileRef = C4FA7E3F1EA6A81E005C8B70 /* GlobTests.swift */; };
		C4FA7E441EA6B4DB005C8B70 /* GlobUtils.swift in Sources */ = {isa = PBXBuildFile; fileRef = C4FA7E431EA6B4DB005C8B70 /* GlobUtils.swift */; };
		C4FA7E451EA6B4DB005C8B70 /* GlobUtils.swift in Sources */ = {isa = PBXBuildFile; fileRef = C4FA7E431EA6B4DB005C8B70 /* GlobUtils.swift */; };
		C4FA7E461EA6B4DB005C8B70 /* GlobUtils.swift in Sources */ = {isa = PBXBuildFile; fileRef = C4FA7E431EA6B4DB005C8B70 /* GlobUtils.swift */; };
/* End PBXBuildFile section */

/* Begin PBXContainerItemProxy section */
		C41448D91EBAA6C500C5DDF6 /* PBXContainerItemProxy */ = {
			isa = PBXContainerItemProxy;
			containerPortal = C41448D01EBAA6C400C5DDF6 /* SwiftCheck.xcodeproj */;
			proxyType = 2;
			remoteGlobalIDString = 844FCC8D198B320500EB242A;
			remoteInfo = SwiftCheck;
		};
		C41448DB1EBAA6C500C5DDF6 /* PBXContainerItemProxy */ = {
			isa = PBXContainerItemProxy;
			containerPortal = C41448D01EBAA6C400C5DDF6 /* SwiftCheck.xcodeproj */;
			proxyType = 2;
			remoteGlobalIDString = 844FCC98198B320500EB242A;
			remoteInfo = SwiftCheckTests;
		};
		C41448DD1EBAA6C500C5DDF6 /* PBXContainerItemProxy */ = {
			isa = PBXContainerItemProxy;
			containerPortal = C41448D01EBAA6C400C5DDF6 /* SwiftCheck.xcodeproj */;
			proxyType = 2;
			remoteGlobalIDString = 84DF75F81B0BD54600C912B0;
			remoteInfo = "SwiftCheck-iOS";
		};
		C41448DF1EBAA6C500C5DDF6 /* PBXContainerItemProxy */ = {
			isa = PBXContainerItemProxy;
			containerPortal = C41448D01EBAA6C400C5DDF6 /* SwiftCheck.xcodeproj */;
			proxyType = 2;
			remoteGlobalIDString = 84DF76021B0BD54600C912B0;
			remoteInfo = "SwiftCheck-iOSTests";
		};
		C41448E11EBAA6C500C5DDF6 /* PBXContainerItemProxy */ = {
			isa = PBXContainerItemProxy;
			containerPortal = C41448D01EBAA6C400C5DDF6 /* SwiftCheck.xcodeproj */;
			proxyType = 2;
			remoteGlobalIDString = 8240CCB11C3A123600EF4D29;
			remoteInfo = "SwiftCheck-tvOS";
		};
		C41448E31EBAA6C500C5DDF6 /* PBXContainerItemProxy */ = {
			isa = PBXContainerItemProxy;
			containerPortal = C41448D01EBAA6C400C5DDF6 /* SwiftCheck.xcodeproj */;
			proxyType = 2;
			remoteGlobalIDString = 8240CCBA1C3A123700EF4D29;
			remoteInfo = "SwiftCheck-tvOSTests";
		};
		C41448E71EBAA6FA00C5DDF6 /* PBXContainerItemProxy */ = {
			isa = PBXContainerItemProxy;
			containerPortal = C41448D01EBAA6C400C5DDF6 /* SwiftCheck.xcodeproj */;
			proxyType = 1;
			remoteGlobalIDString = 844FCC8C198B320500EB242A;
			remoteInfo = SwiftCheck;
		};
/* End PBXContainerItemProxy section */

/* Begin PBXCopyFilesBuildPhase section */
		0913CB9D1EB7C01A0070B5AF /* CopyFiles */ = {
			isa = PBXCopyFilesBuildPhase;
			buildActionMask = 2147483647;
			dstPath = "";
			dstSubfolderSpec = 10;
			files = (
			);
			runOnlyForDeploymentPostprocessing = 0;
		};
		C42E02031EA1454B009B091A /* CopyFiles */ = {
			isa = PBXCopyFilesBuildPhase;
			buildActionMask = 2147483647;
			dstPath = /usr/share/man/man1/;
			dstSubfolderSpec = 0;
			files = (
			);
			runOnlyForDeploymentPostprocessing = 1;
		};
		C4FA7E1F1EA56AEA005C8B70 /* CopyFiles */ = {
			isa = PBXCopyFilesBuildPhase;
			buildActionMask = 2147483647;
			dstPath = /usr/share/man/man1/;
			dstSubfolderSpec = 0;
			files = (
			);
			runOnlyForDeploymentPostprocessing = 1;
		};
/* End PBXCopyFilesBuildPhase section */

/* Begin PBXFileReference section */
		0913CB9F1EB7C05A0070B5AF /* MagmasTests.swift */ = {isa = PBXFileReference; fileEncoding = 4; lastKnownFileType = sourcecode.swift; path = MagmasTests.swift; sourceTree = "<group>"; };
		094A504B1F687F99002FA188 /* ParserTests.swift */ = {isa = PBXFileReference; fileEncoding = 4; lastKnownFileType = sourcecode.swift; path = ParserTests.swift; sourceTree = "<group>"; };
		09C570261F630C5B00E9EB4D /* Parser.swift */ = {isa = PBXFileReference; lastKnownFileType = sourcecode.swift; name = Parser.swift; path = Source/Parser.swift; sourceTree = SOURCE_ROOT; };
		09F194B51EC69A18000568E3 /* SplitArcAndNoArcTransform.swift */ = {isa = PBXFileReference; fileEncoding = 4; lastKnownFileType = sourcecode.swift; name = SplitArcAndNoArcTransform.swift; path = Source/SplitArcAndNoArcTransform.swift; sourceTree = SOURCE_ROOT; };
		09FD9B631EB3B70700272A01 /* Lens.swift */ = {isa = PBXFileReference; fileEncoding = 4; lastKnownFileType = sourcecode.swift; lineEnding = 0; name = Lens.swift; path = Source/Lens.swift; sourceTree = SOURCE_ROOT; xcLanguageSpecificationIdentifier = xcode.lang.swift; };
		09FD9B691EB3C01500272A01 /* MultiPlatform.swift */ = {isa = PBXFileReference; fileEncoding = 4; lastKnownFileType = sourcecode.swift; name = MultiPlatform.swift; path = Source/MultiPlatform.swift; sourceTree = SOURCE_ROOT; };
		09FD9B6F1EB3C08000272A01 /* Magmas.swift */ = {isa = PBXFileReference; fileEncoding = 4; lastKnownFileType = sourcecode.swift; lineEnding = 0; name = Magmas.swift; path = Source/Magmas.swift; sourceTree = SOURCE_ROOT; xcLanguageSpecificationIdentifier = xcode.lang.swift; };
		C40AD54B1EF84F2500BCFD99 /* AcknowledgementEntry.swift */ = {isa = PBXFileReference; fileEncoding = 4; lastKnownFileType = sourcecode.swift; path = AcknowledgementEntry.swift; sourceTree = "<group>"; };
		C40AD5561EF853CC00BCFD99 /* AcknowledgementPlistTests.swift */ = {isa = PBXFileReference; fileEncoding = 4; lastKnownFileType = sourcecode.swift; path = AcknowledgementPlistTests.swift; sourceTree = "<group>"; };
		C41448D01EBAA6C400C5DDF6 /* SwiftCheck.xcodeproj */ = {isa = PBXFileReference; lastKnownFileType = "wrapper.pb-project"; name = SwiftCheck.xcodeproj; path = SwiftCheck/SwiftCheck.xcodeproj; sourceTree = "<group>"; };
		C42E02051EA1454B009B091A /* PodSpecToBUILD */ = {isa = PBXFileReference; explicitFileType = "compiled.mach-o.executable"; includeInIndex = 0; path = PodSpecToBUILD; sourceTree = BUILT_PRODUCTS_DIR; };
		C42E024C1EA14E61009B091A /* GoldMaster */ = {isa = PBXFileReference; lastKnownFileType = folder; name = GoldMaster; path = IntegrationTests/GoldMaster; sourceTree = "<group>"; };
		C42E02641EA14EA7009B091A /* Examples */ = {isa = PBXFileReference; lastKnownFileType = folder; path = Examples; sourceTree = "<group>"; };
		C42E026B1EA150B0009B091A /* PodSpecToBUILDTests.xctest */ = {isa = PBXFileReference; explicitFileType = wrapper.cfbundle; includeInIndex = 0; path = PodSpecToBUILDTests.xctest; sourceTree = BUILT_PRODUCTS_DIR; };
		C42E026D1EA150B0009B091A /* SkylarkTests.swift */ = {isa = PBXFileReference; lastKnownFileType = sourcecode.swift; path = SkylarkTests.swift; sourceTree = "<group>"; };
		C42E026F1EA150B0009B091A /* Info.plist */ = {isa = PBXFileReference; lastKnownFileType = text.plist.xml; path = Info.plist; sourceTree = "<group>"; };
		C42E02751EA189EF009B091A /* BuildFile.swift */ = {isa = PBXFileReference; fileEncoding = 4; indentWidth = 4; lastKnownFileType = sourcecode.swift; name = BuildFile.swift; path = Source/BuildFile.swift; sourceTree = SOURCE_ROOT; tabWidth = 4; };
		C42E02781EA18AA4009B091A /* Workspace.swift */ = {isa = PBXFileReference; fileEncoding = 4; lastKnownFileType = sourcecode.swift; name = Workspace.swift; path = Source/Workspace.swift; sourceTree = SOURCE_ROOT; };
		C4438AAD1F7C5BD8002D9A13 /* ShellTaskTest.swift */ = {isa = PBXFileReference; lastKnownFileType = sourcecode.swift; path = ShellTaskTest.swift; sourceTree = "<group>"; };
		C4893A581EB90FC600A44D1F /* UserConfigurable.swift */ = {isa = PBXFileReference; fileEncoding = 4; lastKnownFileType = sourcecode.swift; name = UserConfigurable.swift; path = Source/UserConfigurable.swift; sourceTree = SOURCE_ROOT; };
		C4893A5E1EB9108100A44D1F /* UserConfigurableTests.swift */ = {isa = PBXFileReference; fileEncoding = 4; lastKnownFileType = sourcecode.swift; path = UserConfigurableTests.swift; sourceTree = "<group>"; };
		C4893A601EB9114900A44D1F /* SkylarkConvertibleTransform.swift */ = {isa = PBXFileReference; fileEncoding = 4; lastKnownFileType = sourcecode.swift; name = SkylarkConvertibleTransform.swift; path = Source/SkylarkConvertibleTransform.swift; sourceTree = SOURCE_ROOT; };
		C4893A6C1EB914AD00A44D1F /* BasicBuildOptionsTest.swift */ = {isa = PBXFileReference; fileEncoding = 4; lastKnownFileType = sourcecode.swift; path = BasicBuildOptionsTest.swift; sourceTree = "<group>"; };
		C4967A071FA3DFD400394D04 /* ExceptionCatcher.h */ = {isa = PBXFileReference; lastKnownFileType = sourcecode.c.h; name = ExceptionCatcher.h; path = Source/ExceptionCatcher.h; sourceTree = SOURCE_ROOT; };
		C49C630A1EB001BF00F17E47 /* RepoTools-Bridging-Header.h */ = {isa = PBXFileReference; lastKnownFileType = sourcecode.c.h; path = "RepoTools-Bridging-Header.h"; sourceTree = "<group>"; };
		C49C630B1EB001C000F17E47 /* CrashReporter.h */ = {isa = PBXFileReference; fileEncoding = 4; lastKnownFileType = sourcecode.c.h; path = CrashReporter.h; sourceTree = "<group>"; };
		C49C630C1EB001C000F17E47 /* CrashReporter.m */ = {isa = PBXFileReference; fileEncoding = 4; lastKnownFileType = sourcecode.c.objc; path = CrashReporter.m; sourceTree = "<group>"; };
		C4B8A3951EB2A58D00859B73 /* XCConfig.swift */ = {isa = PBXFileReference; fileEncoding = 4; lastKnownFileType = sourcecode.swift; name = XCConfig.swift; path = Source/XCConfig.swift; sourceTree = SOURCE_ROOT; };
		C4B95C8B1EA18FF50033C7FA /* main.swift */ = {isa = PBXFileReference; fileEncoding = 4; lastKnownFileType = sourcecode.swift; name = main.swift; path = Source/main.swift; sourceTree = SOURCE_ROOT; };
		C4B95C8D1EA1B04E0033C7FA /* BuildFileTests.swift */ = {isa = PBXFileReference; fileEncoding = 4; lastKnownFileType = sourcecode.swift; path = BuildFileTests.swift; sourceTree = "<group>"; };
		C4C1BF911ECA807D00B42EB2 /* PodSpecToBUILD-Bridging-Header.h */ = {isa = PBXFileReference; lastKnownFileType = sourcecode.c.h; path = "PodSpecToBUILD-Bridging-Header.h"; sourceTree = "<group>"; };
		C4C1BF941ECA807D00B42EB2 /* LogicalShellContext.swift */ = {isa = PBXFileReference; fileEncoding = 4; lastKnownFileType = sourcecode.swift; name = LogicalShellContext.swift; path = Source/LogicalShellContext.swift; sourceTree = SOURCE_ROOT; };
		C4C1BF951ECA807D00B42EB2 /* ShellContext.swift */ = {isa = PBXFileReference; fileEncoding = 4; lastKnownFileType = sourcecode.swift; name = ShellContext.swift; path = Source/ShellContext.swift; sourceTree = SOURCE_ROOT; };
		C4C1BF991ECA80C900B42EB2 /* PodStoreTests.swift */ = {isa = PBXFileReference; fileEncoding = 4; lastKnownFileType = sourcecode.swift; path = PodStoreTests.swift; sourceTree = "<group>"; };
		C4C1BF9B1ECA80E100B42EB2 /* PodSpecToBUILDTests-Bridging-Header.h */ = {isa = PBXFileReference; fileEncoding = 4; lastKnownFileType = sourcecode.c.h; name = "PodSpecToBUILDTests-Bridging-Header.h"; path = "PodSpecToBUILD/PodSpecToBUILDTests-Bridging-Header.h"; sourceTree = SOURCE_ROOT; };
		C4C1BFAF1ECA813F00B42EB2 /* RepoActions.swift */ = {isa = PBXFileReference; fileEncoding = 4; lastKnownFileType = sourcecode.swift; path = RepoActions.swift; sourceTree = "<group>"; };
		C4E5BC7F1EA8564200954EB8 /* ObjcLibrary.swift */ = {isa = PBXFileReference; fileEncoding = 4; lastKnownFileType = sourcecode.swift; lineEnding = 0; name = ObjcLibrary.swift; path = Source/ObjcLibrary.swift; sourceTree = SOURCE_ROOT; xcLanguageSpecificationIdentifier = xcode.lang.swift; };
		C4E5BC801EA8564200954EB8 /* SkylarkConvertible.swift */ = {isa = PBXFileReference; fileEncoding = 4; lastKnownFileType = sourcecode.swift; lineEnding = 0; name = SkylarkConvertible.swift; path = Source/SkylarkConvertible.swift; sourceTree = SOURCE_ROOT; xcLanguageSpecificationIdentifier = xcode.lang.swift; };
		C4E5BCA71EAA871E00954EB8 /* WorkspaceTests.swift */ = {isa = PBXFileReference; fileEncoding = 4; lastKnownFileType = sourcecode.swift; path = WorkspaceTests.swift; sourceTree = "<group>"; };
		C4E5BCA91EAA8A9B00954EB8 /* TestUtils.swift */ = {isa = PBXFileReference; fileEncoding = 4; lastKnownFileType = sourcecode.swift; path = TestUtils.swift; sourceTree = "<group>"; };
		C4F92F911F7B1B90001F3B36 /* RedundantCompiledSourceTransform.swift */ = {isa = PBXFileReference; fileEncoding = 4; lastKnownFileType = sourcecode.swift; name = RedundantCompiledSourceTransform.swift; path = Source/RedundantCompiledSourceTransform.swift; sourceTree = SOURCE_ROOT; };
		C4FA7E121EA53E29005C8B70 /* Skylark.swift */ = {isa = PBXFileReference; fileEncoding = 4; lastKnownFileType = sourcecode.swift; lineEnding = 0; name = Skylark.swift; path = Source/Skylark.swift; sourceTree = SOURCE_ROOT; xcLanguageSpecificationIdentifier = xcode.lang.swift; };
		C4FA7E151EA56749005C8B70 /* PodSpec.swift */ = {isa = PBXFileReference; fileEncoding = 4; lastKnownFileType = sourcecode.swift; lineEnding = 0; name = PodSpec.swift; path = Source/PodSpec.swift; sourceTree = SOURCE_ROOT; xcLanguageSpecificationIdentifier = xcode.lang.swift; };
		C4FA7E211EA56AEA005C8B70 /* RepoTools */ = {isa = PBXFileReference; explicitFileType = "compiled.mach-o.executable"; includeInIndex = 0; path = RepoTools; sourceTree = BUILT_PRODUCTS_DIR; };
		C4FA7E231EA56AEA005C8B70 /* main.swift */ = {isa = PBXFileReference; lastKnownFileType = sourcecode.swift; path = main.swift; sourceTree = "<group>"; };
		C4FA7E3F1EA6A81E005C8B70 /* GlobTests.swift */ = {isa = PBXFileReference; fileEncoding = 4; lastKnownFileType = sourcecode.swift; path = GlobTests.swift; sourceTree = "<group>"; };
		C4FA7E431EA6B4DB005C8B70 /* GlobUtils.swift */ = {isa = PBXFileReference; fileEncoding = 4; lastKnownFileType = sourcecode.swift; name = GlobUtils.swift; path = Source/GlobUtils.swift; sourceTree = SOURCE_ROOT; };
/* End PBXFileReference section */

/* Begin PBXFrameworksBuildPhase section */
		C42E02021EA1454B009B091A /* Frameworks */ = {
			isa = PBXFrameworksBuildPhase;
			buildActionMask = 2147483647;
			files = (
			);
			runOnlyForDeploymentPostprocessing = 0;
		};
		C42E02681EA150B0009B091A /* Frameworks */ = {
			isa = PBXFrameworksBuildPhase;
			buildActionMask = 2147483647;
			files = (
				C41448E91EBAA6FF00C5DDF6 /* SwiftCheck.framework in Frameworks */,
			);
			runOnlyForDeploymentPostprocessing = 0;
		};
		C4FA7E1E1EA56AEA005C8B70 /* Frameworks */ = {
			isa = PBXFrameworksBuildPhase;
			buildActionMask = 2147483647;
			files = (
			);
			runOnlyForDeploymentPostprocessing = 0;
		};
/* End PBXFrameworksBuildPhase section */

/* Begin PBXGroup section */
		C41448D11EBAA6C400C5DDF6 /* Products */ = {
			isa = PBXGroup;
			children = (
				C41448DA1EBAA6C500C5DDF6 /* SwiftCheck.framework */,
				C41448DC1EBAA6C500C5DDF6 /* SwiftCheckTests.xctest */,
				C41448DE1EBAA6C500C5DDF6 /* SwiftCheck.framework */,
				C41448E01EBAA6C500C5DDF6 /* SwiftCheck-iOSTests.xctest */,
				C41448E21EBAA6C500C5DDF6 /* SwiftCheck.framework */,
				C41448E41EBAA6C500C5DDF6 /* SwiftCheck-tvOSTests.xctest */,
			);
			name = Products;
			sourceTree = "<group>";
		};
		C42E01FC1EA1454B009B091A = {
			isa = PBXGroup;
			children = (
				C41448D01EBAA6C400C5DDF6 /* SwiftCheck.xcodeproj */,
				C42E02641EA14EA7009B091A /* Examples */,
				C42E02071EA1454B009B091A /* Source */,
				C42E026C1EA150B0009B091A /* PodSpecToBUILDTests */,
				C4FA7E221EA56AEA005C8B70 /* RepoTools */,
				C42E02061EA1454B009B091A /* Products */,
				C42E02631EA14E70009B091A /* IntegrationTests */,
			);
			sourceTree = "<group>";
		};
		C42E02061EA1454B009B091A /* Products */ = {
			isa = PBXGroup;
			children = (
				C42E02051EA1454B009B091A /* PodSpecToBUILD */,
				C42E026B1EA150B0009B091A /* PodSpecToBUILDTests.xctest */,
				C4FA7E211EA56AEA005C8B70 /* RepoTools */,
			);
			name = Products;
			sourceTree = "<group>";
		};
		C42E02071EA1454B009B091A /* Source */ = {
			isa = PBXGroup;
			children = (
				C42E02751EA189EF009B091A /* BuildFile.swift */,
				C4B8A3951EB2A58D00859B73 /* XCConfig.swift */,
				C4B95C8B1EA18FF50033C7FA /* main.swift */,
				C4FA7E151EA56749005C8B70 /* PodSpec.swift */,
				C42E02781EA18AA4009B091A /* Workspace.swift */,
				C4FA7E121EA53E29005C8B70 /* Skylark.swift */,
				C4FA7E431EA6B4DB005C8B70 /* GlobUtils.swift */,
				C4E5BC7F1EA8564200954EB8 /* ObjcLibrary.swift */,
				C4E5BC801EA8564200954EB8 /* SkylarkConvertible.swift */,
				C4893A601EB9114900A44D1F /* SkylarkConvertibleTransform.swift */,
				09FD9B631EB3B70700272A01 /* Lens.swift */,
				09FD9B691EB3C01500272A01 /* MultiPlatform.swift */,
				09FD9B6F1EB3C08000272A01 /* Magmas.swift */,
				C4893A581EB90FC600A44D1F /* UserConfigurable.swift */,
				09F194B51EC69A18000568E3 /* SplitArcAndNoArcTransform.swift */,
				C4F92F911F7B1B90001F3B36 /* RedundantCompiledSourceTransform.swift */,
				C4C1BF941ECA807D00B42EB2 /* LogicalShellContext.swift */,
				C4C1BF951ECA807D00B42EB2 /* ShellContext.swift */,
				C4C1BF911ECA807D00B42EB2 /* PodSpecToBUILD-Bridging-Header.h */,
				C4967A071FA3DFD400394D04 /* ExceptionCatcher.h */,
				09C570261F630C5B00E9EB4D /* Parser.swift */,
			);
			name = Source;
			path = PodSpecToBUILD;
			sourceTree = "<group>";
		};
		C42E02631EA14E70009B091A /* IntegrationTests */ = {
			isa = PBXGroup;
			children = (
				C42E024C1EA14E61009B091A /* GoldMaster */,
			);
			name = IntegrationTests;
			sourceTree = "<group>";
		};
		C42E026C1EA150B0009B091A /* PodSpecToBUILDTests */ = {
			isa = PBXGroup;
			children = (
				C42E026D1EA150B0009B091A /* SkylarkTests.swift */,
				C4C1BF991ECA80C900B42EB2 /* PodStoreTests.swift */,
				C40AD5561EF853CC00BCFD99 /* AcknowledgementPlistTests.swift */,
				C4893A6C1EB914AD00A44D1F /* BasicBuildOptionsTest.swift */,
				C4C1BF9B1ECA80E100B42EB2 /* PodSpecToBUILDTests-Bridging-Header.h */,
				C4B95C8D1EA1B04E0033C7FA /* BuildFileTests.swift */,
				C4893A5E1EB9108100A44D1F /* UserConfigurableTests.swift */,
				C4FA7E3F1EA6A81E005C8B70 /* GlobTests.swift */,
				C4E5BCA71EAA871E00954EB8 /* WorkspaceTests.swift */,
				C4E5BCA91EAA8A9B00954EB8 /* TestUtils.swift */,
				C42E026F1EA150B0009B091A /* Info.plist */,
				0913CB9F1EB7C05A0070B5AF /* MagmasTests.swift */,
				094A504B1F687F99002FA188 /* ParserTests.swift */,
				C4438AAD1F7C5BD8002D9A13 /* ShellTaskTest.swift */,
			);
			path = PodSpecToBUILDTests;
			sourceTree = "<group>";
		};
		C4FA7E221EA56AEA005C8B70 /* RepoTools */ = {
			isa = PBXGroup;
			children = (
				C4FA7E231EA56AEA005C8B70 /* main.swift */,
				C4C1BFAF1ECA813F00B42EB2 /* RepoActions.swift */,
				C40AD54B1EF84F2500BCFD99 /* AcknowledgementEntry.swift */,
				C49C630B1EB001C000F17E47 /* CrashReporter.h */,
				C49C630C1EB001C000F17E47 /* CrashReporter.m */,
				C49C630A1EB001BF00F17E47 /* RepoTools-Bridging-Header.h */,
			);
			path = RepoTools;
			sourceTree = "<group>";
		};
/* End PBXGroup section */

/* Begin PBXLegacyTarget section */
		C42E02471EA14876009B091A /* IntegrationTests */ = {
			isa = PBXLegacyTarget;
			buildArgumentsString = "$(ACTION)";
			buildConfigurationList = C42E02481EA14876009B091A /* Build configuration list for PBXLegacyTarget "IntegrationTests" */;
			buildPhases = (
			);
			buildToolPath = IntegrationTests/RunTests.sh;
			buildWorkingDirectory = "";
			dependencies = (
			);
			name = IntegrationTests;
			passBuildSettingsInEnvironment = 1;
			productName = IntegrationTests;
		};
/* End PBXLegacyTarget section */

/* Begin PBXNativeTarget section */
		C42E02041EA1454B009B091A /* PodSpecToBUILD */ = {
			isa = PBXNativeTarget;
			buildConfigurationList = C42E020C1EA1454B009B091A /* Build configuration list for PBXNativeTarget "PodSpecToBUILD" */;
			buildPhases = (
				C42E02011EA1454B009B091A /* Sources */,
				C42E02021EA1454B009B091A /* Frameworks */,
				C42E02031EA1454B009B091A /* CopyFiles */,
			);
			buildRules = (
			);
			dependencies = (
			);
			name = PodSpecToBUILD;
			productName = PodSpecToBUILD;
			productReference = C42E02051EA1454B009B091A /* PodSpecToBUILD */;
			productType = "com.apple.product-type.tool";
		};
		C42E026A1EA150B0009B091A /* PodSpecToBUILDTests */ = {
			isa = PBXNativeTarget;
			buildConfigurationList = C42E02701EA150B0009B091A /* Build configuration list for PBXNativeTarget "PodSpecToBUILDTests" */;
			buildPhases = (
				C42E02671EA150B0009B091A /* Sources */,
				C42E02681EA150B0009B091A /* Frameworks */,
				C42E02691EA150B0009B091A /* Resources */,
				0913CB9D1EB7C01A0070B5AF /* CopyFiles */,
			);
			buildRules = (
			);
			dependencies = (
				C41448E81EBAA6FA00C5DDF6 /* PBXTargetDependency */,
			);
			name = PodSpecToBUILDTests;
			productName = PodSpecToBUILDTests;
			productReference = C42E026B1EA150B0009B091A /* PodSpecToBUILDTests.xctest */;
			productType = "com.apple.product-type.bundle.unit-test";
		};
		C4FA7E201EA56AEA005C8B70 /* RepoTools */ = {
			isa = PBXNativeTarget;
			buildConfigurationList = C4FA7E251EA56AEA005C8B70 /* Build configuration list for PBXNativeTarget "RepoTools" */;
			buildPhases = (
				C4FA7E1D1EA56AEA005C8B70 /* Sources */,
				C4FA7E1E1EA56AEA005C8B70 /* Frameworks */,
				C4FA7E1F1EA56AEA005C8B70 /* CopyFiles */,
			);
			buildRules = (
			);
			dependencies = (
			);
			name = RepoTools;
			productName = RepoTools;
			productReference = C4FA7E211EA56AEA005C8B70 /* RepoTools */;
			productType = "com.apple.product-type.tool";
		};
/* End PBXNativeTarget section */

/* Begin PBXProject section */
		C42E01FD1EA1454B009B091A /* Project object */ = {
			isa = PBXProject;
			attributes = {
				LastSwiftUpdateCheck = 0820;
				LastUpgradeCheck = 0930;
				ORGANIZATIONNAME = jerry;
				TargetAttributes = {
					C42E02041EA1454B009B091A = {
						CreatedOnToolsVersion = 8.2.1;
						LastSwiftMigration = 0900;
						ProvisioningStyle = Automatic;
					};
					C42E02471EA14876009B091A = {
						CreatedOnToolsVersion = 8.2.1;
						ProvisioningStyle = Automatic;
					};
					C42E026A1EA150B0009B091A = {
						CreatedOnToolsVersion = 8.2.1;
						LastSwiftMigration = 0900;
						ProvisioningStyle = Automatic;
					};
					C4FA7E201EA56AEA005C8B70 = {
						CreatedOnToolsVersion = 8.2.1;
						LastSwiftMigration = 0900;
						ProvisioningStyle = Automatic;
					};
				};
			};
			buildConfigurationList = C42E02001EA1454B009B091A /* Build configuration list for PBXProject "PodSpecToBUILD" */;
			compatibilityVersion = "Xcode 3.2";
			developmentRegion = English;
			hasScannedForEncodings = 0;
			knownRegions = (
				en,
			);
			mainGroup = C42E01FC1EA1454B009B091A;
			productRefGroup = C42E02061EA1454B009B091A /* Products */;
			projectDirPath = "";
			projectReferences = (
				{
					ProductGroup = C41448D11EBAA6C400C5DDF6 /* Products */;
					ProjectRef = C41448D01EBAA6C400C5DDF6 /* SwiftCheck.xcodeproj */;
				},
			);
			projectRoot = "";
			targets = (
				C42E02041EA1454B009B091A /* PodSpecToBUILD */,
				C42E02471EA14876009B091A /* IntegrationTests */,
				C42E026A1EA150B0009B091A /* PodSpecToBUILDTests */,
				C4FA7E201EA56AEA005C8B70 /* RepoTools */,
			);
		};
/* End PBXProject section */

/* Begin PBXReferenceProxy section */
		C41448DA1EBAA6C500C5DDF6 /* SwiftCheck.framework */ = {
			isa = PBXReferenceProxy;
			fileType = wrapper.framework;
			path = SwiftCheck.framework;
			remoteRef = C41448D91EBAA6C500C5DDF6 /* PBXContainerItemProxy */;
			sourceTree = BUILT_PRODUCTS_DIR;
		};
		C41448DC1EBAA6C500C5DDF6 /* SwiftCheckTests.xctest */ = {
			isa = PBXReferenceProxy;
			fileType = wrapper.cfbundle;
			path = SwiftCheckTests.xctest;
			remoteRef = C41448DB1EBAA6C500C5DDF6 /* PBXContainerItemProxy */;
			sourceTree = BUILT_PRODUCTS_DIR;
		};
		C41448DE1EBAA6C500C5DDF6 /* SwiftCheck.framework */ = {
			isa = PBXReferenceProxy;
			fileType = wrapper.framework;
			path = SwiftCheck.framework;
			remoteRef = C41448DD1EBAA6C500C5DDF6 /* PBXContainerItemProxy */;
			sourceTree = BUILT_PRODUCTS_DIR;
		};
		C41448E01EBAA6C500C5DDF6 /* SwiftCheck-iOSTests.xctest */ = {
			isa = PBXReferenceProxy;
			fileType = wrapper.cfbundle;
			path = "SwiftCheck-iOSTests.xctest";
			remoteRef = C41448DF1EBAA6C500C5DDF6 /* PBXContainerItemProxy */;
			sourceTree = BUILT_PRODUCTS_DIR;
		};
		C41448E21EBAA6C500C5DDF6 /* SwiftCheck.framework */ = {
			isa = PBXReferenceProxy;
			fileType = wrapper.framework;
			path = SwiftCheck.framework;
			remoteRef = C41448E11EBAA6C500C5DDF6 /* PBXContainerItemProxy */;
			sourceTree = BUILT_PRODUCTS_DIR;
		};
		C41448E41EBAA6C500C5DDF6 /* SwiftCheck-tvOSTests.xctest */ = {
			isa = PBXReferenceProxy;
			fileType = wrapper.cfbundle;
			path = "SwiftCheck-tvOSTests.xctest";
			remoteRef = C41448E31EBAA6C500C5DDF6 /* PBXContainerItemProxy */;
			sourceTree = BUILT_PRODUCTS_DIR;
		};
/* End PBXReferenceProxy section */

/* Begin PBXResourcesBuildPhase section */
		C42E02691EA150B0009B091A /* Resources */ = {
			isa = PBXResourcesBuildPhase;
			buildActionMask = 2147483647;
			files = (
			);
			runOnlyForDeploymentPostprocessing = 0;
		};
/* End PBXResourcesBuildPhase section */

/* Begin PBXSourcesBuildPhase section */
		C42E02011EA1454B009B091A /* Sources */ = {
			isa = PBXSourcesBuildPhase;
			buildActionMask = 2147483647;
			files = (
				C4C1BF971ECA807D00B42EB2 /* LogicalShellContext.swift in Sources */,
				C42E02761EA189EF009B091A /* BuildFile.swift in Sources */,
				C4E5BC841EA8564200954EB8 /* SkylarkConvertible.swift in Sources */,
				09F194B61EC69A18000568E3 /* SplitArcAndNoArcTransform.swift in Sources */,
				C4FA7E161EA56749005C8B70 /* PodSpec.swift in Sources */,
				C4FA7E441EA6B4DB005C8B70 /* GlobUtils.swift in Sources */,
				C4FA7E131EA53E29005C8B70 /* Skylark.swift in Sources */,
				C4B8A3961EB2A58D00859B73 /* XCConfig.swift in Sources */,
				C4C1BF981ECA807D00B42EB2 /* ShellContext.swift in Sources */,
				C42E02791EA18AA4009B091A /* Workspace.swift in Sources */,
				09C570271F630C5B00E9EB4D /* Parser.swift in Sources */,
				C4B95C8C1EA18FF50033C7FA /* main.swift in Sources */,
				C4893A591EB90FC600A44D1F /* UserConfigurable.swift in Sources */,
				09FD9B701EB3C08000272A01 /* Magmas.swift in Sources */,
				09FD9B641EB3B70700272A01 /* Lens.swift in Sources */,
				C4F92F921F7B1B91001F3B36 /* RedundantCompiledSourceTransform.swift in Sources */,
				09FD9B6A1EB3C01500272A01 /* MultiPlatform.swift in Sources */,
				C40AD5521EF84F2C00BCFD99 /* AcknowledgementEntry.swift in Sources */,
				C4893A611EB9114900A44D1F /* SkylarkConvertibleTransform.swift in Sources */,
				C4E5BC811EA8564200954EB8 /* ObjcLibrary.swift in Sources */,
				C4C1BFB41ECA820400B42EB2 /* RepoActions.swift in Sources */,
			);
			runOnlyForDeploymentPostprocessing = 0;
		};
		C42E02671EA150B0009B091A /* Sources */ = {
			isa = PBXSourcesBuildPhase;
			buildActionMask = 2147483647;
			files = (
				C4F92F931F7B1BA0001F3B36 /* RedundantCompiledSourceTransform.swift in Sources */,
				C4FA7E141EA53FA6005C8B70 /* Skylark.swift in Sources */,
				C4FA7E401EA6A81E005C8B70 /* GlobTests.swift in Sources */,
				C4893A621EB9114900A44D1F /* SkylarkConvertibleTransform.swift in Sources */,
				C4E5BCAA1EAA8A9B00954EB8 /* TestUtils.swift in Sources */,
				C4C1BF9A1ECA80C900B42EB2 /* PodStoreTests.swift in Sources */,
				094A504C1F687F99002FA188 /* ParserTests.swift in Sources */,
				09FD9B6B1EB3C01500272A01 /* MultiPlatform.swift in Sources */,
				C41448E51EBAA6D500C5DDF6 /* MagmasTests.swift in Sources */,
				C4B95C8E1EA1B04E0033C7FA /* BuildFileTests.swift in Sources */,
				C4C1BFA51ECA811400B42EB2 /* LogicalShellContext.swift in Sources */,
				C4E5BC821EA8564200954EB8 /* ObjcLibrary.swift in Sources */,
				C4FA7E171EA5674B005C8B70 /* main.swift in Sources */,
				C4E5BCA81EAA871E00954EB8 /* WorkspaceTests.swift in Sources */,
				C42E027A1EA18AA4009B091A /* Workspace.swift in Sources */,
				C40AD5571EF853CC00BCFD99 /* AcknowledgementPlistTests.swift in Sources */,
				C4893A5F1EB9108100A44D1F /* UserConfigurableTests.swift in Sources */,
				C4B8A3971EB2A58D00859B73 /* XCConfig.swift in Sources */,
				C40AD5531EF84F2D00BCFD99 /* AcknowledgementEntry.swift in Sources */,
				C42E026E1EA150B0009B091A /* SkylarkTests.swift in Sources */,
				09C570301F6313F300E9EB4D /* Parser.swift in Sources */,
				C4893A6D1EB914AD00A44D1F /* BasicBuildOptionsTest.swift in Sources */,
				C4893A5A1EB90FC600A44D1F /* UserConfigurable.swift in Sources */,
				09F194B71EC69A18000568E3 /* SplitArcAndNoArcTransform.swift in Sources */,
				C4438AAE1F7C5BD8002D9A13 /* ShellTaskTest.swift in Sources */,
				09FD9B651EB3B70700272A01 /* Lens.swift in Sources */,
				C4C1BFAD1ECA811F00B42EB2 /* ShellContext.swift in Sources */,
				C4FA7E451EA6B4DB005C8B70 /* GlobUtils.swift in Sources */,
				C4C1BFB31ECA820300B42EB2 /* RepoActions.swift in Sources */,
				C4E5BC851EA8564200954EB8 /* SkylarkConvertible.swift in Sources */,
				09FD9B711EB3C08000272A01 /* Magmas.swift in Sources */,
				C4FA7E181EA56759005C8B70 /* PodSpec.swift in Sources */,
				C42E02771EA189EF009B091A /* BuildFile.swift in Sources */,
			);
			runOnlyForDeploymentPostprocessing = 0;
		};
		C4FA7E1D1EA56AEA005C8B70 /* Sources */ = {
			isa = PBXSourcesBuildPhase;
			buildActionMask = 2147483647;
			files = (
				C4F92F941F7B1BA0001F3B36 /* RedundantCompiledSourceTransform.swift in Sources */,
				C4C1BFA61ECA811500B42EB2 /* LogicalShellContext.swift in Sources */,
				C4FA7E291EA56BFA005C8B70 /* Workspace.swift in Sources */,
				C4C1BFB01ECA813F00B42EB2 /* RepoActions.swift in Sources */,
				C4893A5B1EB90FC600A44D1F /* UserConfigurable.swift in Sources */,
				C4E5BC861EA8564200954EB8 /* SkylarkConvertible.swift in Sources */,
				C4FA7E241EA56AEA005C8B70 /* main.swift in Sources */,
				C4FA7E461EA6B4DB005C8B70 /* GlobUtils.swift in Sources */,
				C4FA7E2B1EA56C02005C8B70 /* BuildFile.swift in Sources */,
				C40AD54C1EF84F2500BCFD99 /* AcknowledgementEntry.swift in Sources */,
				09F194B81EC69A18000568E3 /* SplitArcAndNoArcTransform.swift in Sources */,
				09FD9B6C1EB3C01500272A01 /* MultiPlatform.swift in Sources */,
				09FD9B661EB3B70700272A01 /* Lens.swift in Sources */,
				C4FA7E2A1EA56BFF005C8B70 /* PodSpec.swift in Sources */,
				C4FA7E281EA56BF7005C8B70 /* Skylark.swift in Sources */,
				09FD9B721EB3C08000272A01 /* Magmas.swift in Sources */,
				C49C630D1EB001C000F17E47 /* CrashReporter.m in Sources */,
				C4893A631EB9114900A44D1F /* SkylarkConvertibleTransform.swift in Sources */,
				C4B8A3981EB2A58D00859B73 /* XCConfig.swift in Sources */,
				C4E5BC831EA8564200954EB8 /* ObjcLibrary.swift in Sources */,
				C4C1BFAC1ECA811E00B42EB2 /* ShellContext.swift in Sources */,
				09C5702E1F630D1C00E9EB4D /* Parser.swift in Sources */,
			);
			runOnlyForDeploymentPostprocessing = 0;
		};
/* End PBXSourcesBuildPhase section */

/* Begin PBXTargetDependency section */
		C41448E81EBAA6FA00C5DDF6 /* PBXTargetDependency */ = {
			isa = PBXTargetDependency;
			name = SwiftCheck;
			targetProxy = C41448E71EBAA6FA00C5DDF6 /* PBXContainerItemProxy */;
		};
/* End PBXTargetDependency section */

/* Begin XCBuildConfiguration section */
		C42E020A1EA1454B009B091A /* Debug */ = {
			isa = XCBuildConfiguration;
			buildSettings = {
				ALWAYS_SEARCH_USER_PATHS = NO;
				CLANG_ANALYZER_NONNULL = YES;
				CLANG_CXX_LANGUAGE_STANDARD = "gnu++0x";
				CLANG_CXX_LIBRARY = "libc++";
				CLANG_ENABLE_MODULES = YES;
				CLANG_ENABLE_OBJC_ARC = YES;
				CLANG_WARN_BLOCK_CAPTURE_AUTORELEASING = YES;
				CLANG_WARN_BOOL_CONVERSION = YES;
				CLANG_WARN_COMMA = YES;
				CLANG_WARN_CONSTANT_CONVERSION = YES;
				CLANG_WARN_DEPRECATED_OBJC_IMPLEMENTATIONS = YES;
				CLANG_WARN_DIRECT_OBJC_ISA_USAGE = YES_ERROR;
				CLANG_WARN_DOCUMENTATION_COMMENTS = YES;
				CLANG_WARN_EMPTY_BODY = YES;
				CLANG_WARN_ENUM_CONVERSION = YES;
				CLANG_WARN_INFINITE_RECURSION = YES;
				CLANG_WARN_INT_CONVERSION = YES;
				CLANG_WARN_NON_LITERAL_NULL_CONVERSION = YES;
				CLANG_WARN_OBJC_IMPLICIT_RETAIN_SELF = YES;
				CLANG_WARN_OBJC_LITERAL_CONVERSION = YES;
				CLANG_WARN_OBJC_ROOT_CLASS = YES_ERROR;
				CLANG_WARN_RANGE_LOOP_ANALYSIS = YES;
				CLANG_WARN_STRICT_PROTOTYPES = YES;
				CLANG_WARN_SUSPICIOUS_MOVE = YES;
				CLANG_WARN_UNREACHABLE_CODE = YES;
				CLANG_WARN__DUPLICATE_METHOD_MATCH = YES;
				CODE_SIGN_IDENTITY = "-";
				COPY_PHASE_STRIP = NO;
				DEBUG_INFORMATION_FORMAT = dwarf;
				ENABLE_STRICT_OBJC_MSGSEND = YES;
				ENABLE_TESTABILITY = YES;
				GCC_C_LANGUAGE_STANDARD = gnu99;
				GCC_DYNAMIC_NO_PIC = NO;
				GCC_NO_COMMON_BLOCKS = YES;
				GCC_OPTIMIZATION_LEVEL = 0;
				GCC_PREPROCESSOR_DEFINITIONS = (
					"DEBUG=1",
					"$(inherited)",
				);
				GCC_TREAT_WARNINGS_AS_ERRORS = YES;
				GCC_WARN_64_TO_32_BIT_CONVERSION = YES;
				GCC_WARN_ABOUT_RETURN_TYPE = YES_ERROR;
				GCC_WARN_UNDECLARED_SELECTOR = YES;
				GCC_WARN_UNINITIALIZED_AUTOS = YES_AGGRESSIVE;
				GCC_WARN_UNUSED_FUNCTION = YES;
				GCC_WARN_UNUSED_VARIABLE = YES;
				MACOSX_DEPLOYMENT_TARGET = 10.12;
				MTL_ENABLE_DEBUG_INFO = YES;
				ONLY_ACTIVE_ARCH = YES;
				SDKROOT = macosx;
				SWIFT_OPTIMIZATION_LEVEL = "-Onone";
				SWIFT_TREAT_WARNINGS_AS_ERRORS = YES;
				SWIFT_VERSION = 4.0;
			};
			name = Debug;
		};
		C42E020B1EA1454B009B091A /* Release */ = {
			isa = XCBuildConfiguration;
			buildSettings = {
				ALWAYS_SEARCH_USER_PATHS = NO;
				CLANG_ANALYZER_NONNULL = YES;
				CLANG_CXX_LANGUAGE_STANDARD = "gnu++0x";
				CLANG_CXX_LIBRARY = "libc++";
				CLANG_ENABLE_MODULES = YES;
				CLANG_ENABLE_OBJC_ARC = YES;
				CLANG_WARN_BLOCK_CAPTURE_AUTORELEASING = YES;
				CLANG_WARN_BOOL_CONVERSION = YES;
				CLANG_WARN_COMMA = YES;
				CLANG_WARN_CONSTANT_CONVERSION = YES;
				CLANG_WARN_DEPRECATED_OBJC_IMPLEMENTATIONS = YES;
				CLANG_WARN_DIRECT_OBJC_ISA_USAGE = YES_ERROR;
				CLANG_WARN_DOCUMENTATION_COMMENTS = YES;
				CLANG_WARN_EMPTY_BODY = YES;
				CLANG_WARN_ENUM_CONVERSION = YES;
				CLANG_WARN_INFINITE_RECURSION = YES;
				CLANG_WARN_INT_CONVERSION = YES;
				CLANG_WARN_NON_LITERAL_NULL_CONVERSION = YES;
				CLANG_WARN_OBJC_IMPLICIT_RETAIN_SELF = YES;
				CLANG_WARN_OBJC_LITERAL_CONVERSION = YES;
				CLANG_WARN_OBJC_ROOT_CLASS = YES_ERROR;
				CLANG_WARN_RANGE_LOOP_ANALYSIS = YES;
				CLANG_WARN_STRICT_PROTOTYPES = YES;
				CLANG_WARN_SUSPICIOUS_MOVE = YES;
				CLANG_WARN_UNREACHABLE_CODE = YES;
				CLANG_WARN__DUPLICATE_METHOD_MATCH = YES;
				CODE_SIGN_IDENTITY = "-";
				COPY_PHASE_STRIP = NO;
				DEBUG_INFORMATION_FORMAT = "dwarf-with-dsym";
				ENABLE_NS_ASSERTIONS = NO;
				ENABLE_STRICT_OBJC_MSGSEND = YES;
				GCC_C_LANGUAGE_STANDARD = gnu99;
				GCC_NO_COMMON_BLOCKS = YES;
				GCC_TREAT_WARNINGS_AS_ERRORS = YES;
				GCC_WARN_64_TO_32_BIT_CONVERSION = YES;
				GCC_WARN_ABOUT_RETURN_TYPE = YES_ERROR;
				GCC_WARN_UNDECLARED_SELECTOR = YES;
				GCC_WARN_UNINITIALIZED_AUTOS = YES_AGGRESSIVE;
				GCC_WARN_UNUSED_FUNCTION = YES;
				GCC_WARN_UNUSED_VARIABLE = YES;
				MACOSX_DEPLOYMENT_TARGET = 10.12;
				MTL_ENABLE_DEBUG_INFO = NO;
				SDKROOT = macosx;
				SWIFT_OPTIMIZATION_LEVEL = "-Owholemodule";
				SWIFT_TREAT_WARNINGS_AS_ERRORS = YES;
				SWIFT_VERSION = 4.0;
			};
			name = Release;
		};
		C42E020D1EA1454B009B091A /* Debug */ = {
			isa = XCBuildConfiguration;
			buildSettings = {
				CLANG_ENABLE_MODULES = YES;
				LD_RUNPATH_SEARCH_PATHS = "$(inherited) @executable_path/../Frameworks @loader_path/../Frameworks";
				PRODUCT_NAME = "$(TARGET_NAME)";
				SWIFT_OBJC_BRIDGING_HEADER = "PodSpecToBUILD/PodSpecToBUILD-Bridging-Header.h";
				SWIFT_OPTIMIZATION_LEVEL = "-Onone";
				SWIFT_SWIFT3_OBJC_INFERENCE = Off;
				SWIFT_VERSION = 4.0;
			};
			name = Debug;
		};
		C42E020E1EA1454B009B091A /* Release */ = {
			isa = XCBuildConfiguration;
			buildSettings = {
				CLANG_ENABLE_MODULES = YES;
				LD_RUNPATH_SEARCH_PATHS = "$(inherited) @executable_path/../Frameworks @loader_path/../Frameworks";
				PRODUCT_NAME = "$(TARGET_NAME)";
				SWIFT_OBJC_BRIDGING_HEADER = "PodSpecToBUILD/PodSpecToBUILD-Bridging-Header.h";
				SWIFT_SWIFT3_OBJC_INFERENCE = Off;
				SWIFT_VERSION = 4.0;
			};
			name = Release;
		};
		C42E02491EA14876009B091A /* Debug */ = {
			isa = XCBuildConfiguration;
			buildSettings = {
				DEBUGGING_SYMBOLS = YES;
				DEBUG_INFORMATION_FORMAT = dwarf;
				GCC_GENERATE_DEBUGGING_SYMBOLS = YES;
				GCC_OPTIMIZATION_LEVEL = 0;
				OTHER_CFLAGS = "";
				OTHER_LDFLAGS = "";
				PRODUCT_NAME = "$(TARGET_NAME)";
				SWIFT_VERSION = 4.1;
			};
			name = Debug;
		};
		C42E024A1EA14876009B091A /* Release */ = {
			isa = XCBuildConfiguration;
			buildSettings = {
				DEBUG_INFORMATION_FORMAT = "dwarf-with-dsym";
				OTHER_CFLAGS = "";
				OTHER_LDFLAGS = "";
				PRODUCT_NAME = "$(TARGET_NAME)";
				SWIFT_VERSION = 4.1;
			};
			name = Release;
		};
		C42E02711EA150B0009B091A /* Debug */ = {
			isa = XCBuildConfiguration;
			buildSettings = {
				COMBINE_HIDPI_IMAGES = YES;
				INFOPLIST_FILE = PodSpecToBUILDTests/Info.plist;
				LD_RUNPATH_SEARCH_PATHS = "$(inherited) @executable_path/../Frameworks @loader_path/../Frameworks";
				PRODUCT_BUNDLE_IDENTIFIER = Pinterest.PodSpecToBUILDTests;
				PRODUCT_NAME = "$(TARGET_NAME)";
				SWIFT_ACTIVE_COMPILATION_CONDITIONS = DEBUG;
				SWIFT_OBJC_BRIDGING_HEADER = "PodSpecToBUILD/PodSpecToBUILDTests-Bridging-Header.h";
				SWIFT_SWIFT3_OBJC_INFERENCE = Off;
				SWIFT_VERSION = 4.0;
			};
			name = Debug;
		};
		C42E02721EA150B0009B091A /* Release */ = {
			isa = XCBuildConfiguration;
			buildSettings = {
				COMBINE_HIDPI_IMAGES = YES;
				INFOPLIST_FILE = PodSpecToBUILDTests/Info.plist;
				LD_RUNPATH_SEARCH_PATHS = "$(inherited) @executable_path/../Frameworks @loader_path/../Frameworks";
				PRODUCT_BUNDLE_IDENTIFIER = Pinterest.PodSpecToBUILDTests;
				PRODUCT_NAME = "$(TARGET_NAME)";
				SWIFT_OBJC_BRIDGING_HEADER = "PodSpecToBUILD/PodSpecToBUILDTests-Bridging-Header.h";
				SWIFT_OPTIMIZATION_LEVEL = "-Owholemodule";
				SWIFT_SWIFT3_OBJC_INFERENCE = Off;
				SWIFT_VERSION = 4.0;
			};
			name = Release;
		};
		C4FA7E261EA56AEA005C8B70 /* Debug */ = {
			isa = XCBuildConfiguration;
			buildSettings = {
				CLANG_ENABLE_MODULES = YES;
				LD_RUNPATH_SEARCH_PATHS = "$(inherited) @executable_path/../Frameworks @loader_path/../Frameworks";
				PRODUCT_NAME = "$(TARGET_NAME)";
				SWIFT_OBJC_BRIDGING_HEADER = "RepoTools/RepoTools-Bridging-Header.h";
				SWIFT_OPTIMIZATION_LEVEL = "-Onone";
				SWIFT_SWIFT3_OBJC_INFERENCE = Off;
				SWIFT_VERSION = 4.0;
			};
			name = Debug;
		};
		C4FA7E271EA56AEA005C8B70 /* Release */ = {
			isa = XCBuildConfiguration;
			buildSettings = {
				CLANG_ENABLE_MODULES = YES;
				LD_RUNPATH_SEARCH_PATHS = "$(inherited) @executable_path/../Frameworks @loader_path/../Frameworks";
				PRODUCT_NAME = "$(TARGET_NAME)";
				SWIFT_OBJC_BRIDGING_HEADER = "RepoTools/RepoTools-Bridging-Header.h";
				SWIFT_SWIFT3_OBJC_INFERENCE = Off;
				SWIFT_VERSION = 4.0;
			};
			name = Release;
		};
/* End XCBuildConfiguration section */

/* Begin XCConfigurationList section */
		C42E02001EA1454B009B091A /* Build configuration list for PBXProject "PodSpecToBUILD" */ = {
			isa = XCConfigurationList;
			buildConfigurations = (
				C42E020A1EA1454B009B091A /* Debug */,
				C42E020B1EA1454B009B091A /* Release */,
			);
			defaultConfigurationIsVisible = 0;
			defaultConfigurationName = Release;
		};
		C42E020C1EA1454B009B091A /* Build configuration list for PBXNativeTarget "PodSpecToBUILD" */ = {
			isa = XCConfigurationList;
			buildConfigurations = (
				C42E020D1EA1454B009B091A /* Debug */,
				C42E020E1EA1454B009B091A /* Release */,
			);
			defaultConfigurationIsVisible = 0;
			defaultConfigurationName = Release;
		};
		C42E02481EA14876009B091A /* Build configuration list for PBXLegacyTarget "IntegrationTests" */ = {
			isa = XCConfigurationList;
			buildConfigurations = (
				C42E02491EA14876009B091A /* Debug */,
				C42E024A1EA14876009B091A /* Release */,
			);
			defaultConfigurationIsVisible = 0;
			defaultConfigurationName = Release;
		};
		C42E02701EA150B0009B091A /* Build configuration list for PBXNativeTarget "PodSpecToBUILDTests" */ = {
			isa = XCConfigurationList;
			buildConfigurations = (
				C42E02711EA150B0009B091A /* Debug */,
				C42E02721EA150B0009B091A /* Release */,
			);
			defaultConfigurationIsVisible = 0;
			defaultConfigurationName = Release;
		};
		C4FA7E251EA56AEA005C8B70 /* Build configuration list for PBXNativeTarget "RepoTools" */ = {
			isa = XCConfigurationList;
			buildConfigurations = (
				C4FA7E261EA56AEA005C8B70 /* Debug */,
				C4FA7E271EA56AEA005C8B70 /* Release */,
			);
			defaultConfigurationIsVisible = 0;
			defaultConfigurationName = Release;
		};
/* End XCConfigurationList section */
	};
	rootObject = C42E01FD1EA1454B009B091A /* Project object */;
}
